
Microsoft Visual Studio Solution File, Format Version 12.00
# Visual Studio 15
VisualStudioVersion = 15.0.28307.1433
MinimumVisualStudioVersion = 10.0.40219.1
Project("{FAE04EC0-301F-11D3-BF4B-00C04F79EFBC}") = "CodeBlogFitness.BL", "CodeBlogFitness.BL\CodeBlogFitness.BL.csproj", "{25DD09D8-7330-401E-97E2-F4275C4F9D5A}"
EndProject
Project("{FAE04EC0-301F-11D3-BF4B-00C04F79EFBC}") = "ConsoleApp1", "ConsoleApp1\ConsoleApp1.csproj", "{46DC99C5-FCA3-482D-AD71-8980F106DF14}"
EndProject
Global
	GlobalSection(SolutionConfigurationPlatforms) = preSolution
		Debug|Any CPU = Debug|Any CPU
		Release|Any CPU = Release|Any CPU
	EndGlobalSection
	GlobalSection(ProjectConfigurationPlatforms) = postSolution
		{25DD09D8-7330-401E-97E2-F4275C4F9D5A}.Debug|Any CPU.ActiveCfg = Debug|Any CPU
		{25DD09D8-7330-401E-97E2-F4275C4F9D5A}.Debug|Any CPU.Build.0 = Debug|Any CPU
		{25DD09D8-7330-401E-97E2-F4275C4F9D5A}.Release|Any CPU.ActiveCfg = Release|Any CPU
		{25DD09D8-7330-401E-97E2-F4275C4F9D5A}.Release|Any CPU.Build.0 = Release|Any CPU
		{46DC99C5-FCA3-482D-AD71-8980F106DF14}.Debug|Any CPU.ActiveCfg = Debug|Any CPU
		{46DC99C5-FCA3-482D-AD71-8980F106DF14}.Debug|Any CPU.Build.0 = Debug|Any CPU
		{46DC99C5-FCA3-482D-AD71-8980F106DF14}.Release|Any CPU.ActiveCfg = Release|Any CPU
		{46DC99C5-FCA3-482D-AD71-8980F106DF14}.Release|Any CPU.Build.0 = Release|Any CPU
	EndGlobalSection
	GlobalSection(SolutionProperties) = preSolution
		HideSolutionNode = FALSE
	EndGlobalSection
	GlobalSection(ExtensibilityGlobals) = postSolution
		SolutionGuid = {CE10B82B-42FD-476F-8C7C-DFB3D9322BEC}
	EndGlobalSection
EndGlobal
